
Microsoft Visual Studio Solution File, Format Version 12.00
# Visual Studio Version 17
VisualStudioVersion = 17.8.34309.116
MinimumVisualStudioVersion = 10.0.40219.1
Project("{FAE04EC0-301F-11D3-BF4B-00C04F79EFBC}") = "Bookify", "Bookify.csproj", "{D3F4D49A-5F9F-4217-BF75-E09093974F24}"
EndProject
Global
	GlobalSection(SolutionConfigurationPlatforms) = preSolution
		Debug|Any CPU = Debug|Any CPU
		Release|Any CPU = Release|Any CPU
	EndGlobalSection
	GlobalSection(ProjectConfigurationPlatforms) = postSolution
		{D3F4D49A-5F9F-4217-BF75-E09093974F24}.Debug|Any CPU.ActiveCfg = Debug|Any CPU
		{D3F4D49A-5F9F-4217-BF75-E09093974F24}.Debug|Any CPU.Build.0 = Debug|Any CPU
		{D3F4D49A-5F9F-4217-BF75-E09093974F24}.Release|Any CPU.ActiveCfg = Release|Any CPU
		{D3F4D49A-5F9F-4217-BF75-E09093974F24}.Release|Any CPU.Build.0 = Release|Any CPU
	EndGlobalSection
	GlobalSection(SolutionProperties) = preSolution
		HideSolutionNode = FALSE
	EndGlobalSection
	GlobalSection(ExtensibilityGlobals) = postSolution
		SolutionGuid = {68029CC3-9698-46FF-A3F8-2708AB949D4C}
	EndGlobalSection
EndGlobal
